
Microsoft Visual Studio Solution File, Format Version 12.00
# Visual Studio 2012
Project("{FAE04EC0-301F-11D3-BF4B-00C04F79EFBC}") = "BulkCopyDemo", "BulkCopyDemo\BulkCopyDemo.csproj", "{980A28AD-FBEB-4D34-BB43-39B824B270DB}"
EndProject
Global
	GlobalSection(SolutionConfigurationPlatforms) = preSolution
		Debug|Any CPU = Debug|Any CPU
		Release|Any CPU = Release|Any CPU
	EndGlobalSection
	GlobalSection(ProjectConfigurationPlatforms) = postSolution
		{980A28AD-FBEB-4D34-BB43-39B824B270DB}.Debug|Any CPU.ActiveCfg = Debug|Any CPU
		{980A28AD-FBEB-4D34-BB43-39B824B270DB}.Debug|Any CPU.Build.0 = Debug|Any CPU
		{980A28AD-FBEB-4D34-BB43-39B824B270DB}.Release|Any CPU.ActiveCfg = Release|Any CPU
		{980A28AD-FBEB-4D34-BB43-39B824B270DB}.Release|Any CPU.Build.0 = Release|Any CPU
	EndGlobalSection
	GlobalSection(SolutionProperties) = preSolution
		HideSolutionNode = FALSE
	EndGlobalSection
EndGlobal
